Microsoft Visual Studio Solution File, Format Version 12.00
# Visual Studio 14
VisualStudioVersion = 14.0.25420.1
MinimumVisualStudioVersion = 10.0.40219.1
Project("{FAE04EC0-301F-11D3-BF4B-00C04F79EFBC}") = "Ablaze.Graphics", "Ablaze.Graphics\Ablaze.Graphics.csproj", "{A37A7E14-0000-0000-0000-000000000000}"
	ProjectSection(ProjectDependencies) = postProject
		{5BD51C83-9EC8-41A2-8552-CD68798EEB21} = {5BD51C83-9EC8-41A2-8552-CD68798EEB21}
	EndProjectSection
EndProject
Project("{FAE04EC0-301F-11D3-BF4B-00C04F79EFBC}") = "Ablaze.ModelViewer", "Ablaze.ModelViewer\Ablaze.ModelViewer.csproj", "{7B4402C4-4A18-4FFB-A909-55A3F23FDACA}"
	ProjectSection(ProjectDependencies) = postProject
		{A37A7E14-0000-0000-0000-000000000000} = {A37A7E14-0000-0000-0000-000000000000}
		{5BD51C83-9EC8-41A2-8552-CD68798EEB21} = {5BD51C83-9EC8-41A2-8552-CD68798EEB21}
	EndProjectSection
EndProject
Project("{FAE04EC0-301F-11D3-BF4B-00C04F79EFBC}") = "Ablaze.Suite", "Ablaze.Suite\Ablaze.Suite.csproj", "{5BD51C83-9EC8-41A2-8552-CD68798EEB21}"
EndProject
Project("{FAE04EC0-301F-11D3-BF4B-00C04F79EFBC}") = "Ablaze.UI", "Ablaze.UI\Ablaze.UI.csproj", "{CCC2E3DC-60FB-4118-B905-3ED396294D80}"
EndProject
Project("{FAE04EC0-301F-11D3-BF4B-00C04F79EFBC}") = "System.Numerics.Vectors", "System.Numerics.Vectors\System.Numerics.Vectors.csproj", "{9EDCF14D-A296-4E86-97BF-43C73DB5E889}"
EndProject
Project("{FAE04EC0-301F-11D3-BF4B-00C04F79EFBC}") = "System.Threading.Tasks", "System.Threading.Tasks\System.Threading.Tasks.csproj", "{DCB5D745-525C-46A1-BFC0-E12F87AB6165}"
EndProject
Project("{FAE04EC0-301F-11D3-BF4B-00C04F79EFBC}") = "System.Core", "System.Core\System.Core.csproj", "{66621034-90CC-4D1A-B49E-73A13E3B22EF}"
EndProject
Project("{FAE04EC0-301F-11D3-BF4B-00C04F79EFBC}") = "ConsoleUnitTest", "Development\ConsoleUnitTest\ConsoleUnitTest.csproj", "{B53C4931-AFF3-4CAE-A13E-025C1B3A58DC}"
EndProject
Project("{FAE04EC0-301F-11D3-BF4B-00C04F79EFBC}") = "FormUnitTest", "Development\FormUnitTest\FormUnitTest.csproj", "{DD1C61BE-1C5C-4CCA-A43D-DA4EF7384B7B}"
EndProject
Global
	GlobalSection(SolutionConfigurationPlatforms) = preSolution
		Debug|Any CPU = Debug|Any CPU
		Debug|x64 = Debug|x64
		Debug|x86 = Debug|x86
		Release|Any CPU = Release|Any CPU
		Release|x64 = Release|x64
		Release|x86 = Release|x86
	EndGlobalSection
	GlobalSection(ProjectConfigurationPlatforms) = postSolution
		{A37A7E14-0000-0000-0000-000000000000}.Debug|Any CPU.ActiveCfg = Debug|Any CPU
		{A37A7E14-0000-0000-0000-000000000000}.Debug|Any CPU.Build.0 = Debug|Any CPU
		{A37A7E14-0000-0000-0000-000000000000}.Debug|x64.ActiveCfg = Debug|Any CPU
		{A37A7E14-0000-0000-0000-000000000000}.Debug|x64.Build.0 = Debug|Any CPU
		{A37A7E14-0000-0000-0000-000000000000}.Debug|x86.ActiveCfg = Debug|Any CPU
		{A37A7E14-0000-0000-0000-000000000000}.Debug|x86.Build.0 = Debug|Any CPU
		{A37A7E14-0000-0000-0000-000000000000}.Release|Any CPU.ActiveCfg = Release|Any CPU
		{A37A7E14-0000-0000-0000-000000000000}.Release|Any CPU.Build.0 = Release|Any CPU
		{A37A7E14-0000-0000-0000-000000000000}.Release|Any CPU.Deploy.0 = Release|Any CPU
		{A37A7E14-0000-0000-0000-000000000000}.Release|x64.ActiveCfg = Release|Any CPU
		{A37A7E14-0000-0000-0000-000000000000}.Release|x64.Build.0 = Release|Any CPU
		{A37A7E14-0000-0000-0000-000000000000}.Release|x86.ActiveCfg = Release|Any CPU
		{A37A7E14-0000-0000-0000-000000000000}.Release|x86.Build.0 = Release|Any CPU
		{7B4402C4-4A18-4FFB-A909-55A3F23FDACA}.Debug|Any CPU.ActiveCfg = Debug|Any CPU
		{7B4402C4-4A18-4FFB-A909-55A3F23FDACA}.Debug|Any CPU.Build.0 = Debug|Any CPU
		{7B4402C4-4A18-4FFB-A909-55A3F23FDACA}.Debug|x64.ActiveCfg = Debug|Any CPU
		{7B4402C4-4A18-4FFB-A909-55A3F23FDACA}.Debug|x64.Build.0 = Debug|Any CPU
		{7B4402C4-4A18-4FFB-A909-55A3F23FDACA}.Debug|x86.ActiveCfg = Debug|Any CPU
		{7B4402C4-4A18-4FFB-A909-55A3F23FDACA}.Debug|x86.Build.0 = Debug|Any CPU
		{7B4402C4-4A18-4FFB-A909-55A3F23FDACA}.Release|Any CPU.ActiveCfg = Release|Any CPU
		{7B4402C4-4A18-4FFB-A909-55A3F23FDACA}.Release|Any CPU.Build.0 = Release|Any CPU
		{7B4402C4-4A18-4FFB-A909-55A3F23FDACA}.Release|Any CPU.Deploy.0 = Release|Any CPU
		{7B4402C4-4A18-4FFB-A909-55A3F23FDACA}.Release|x64.ActiveCfg = Release|Any CPU
		{7B4402C4-4A18-4FFB-A909-55A3F23FDACA}.Release|x64.Build.0 = Release|Any CPU
		{7B4402C4-4A18-4FFB-A909-55A3F23FDACA}.Release|x86.ActiveCfg = Release|Any CPU
		{7B4402C4-4A18-4FFB-A909-55A3F23FDACA}.Release|x86.Build.0 = Release|Any CPU
		{5BD51C83-9EC8-41A2-8552-CD68798EEB21}.Debug|Any CPU.ActiveCfg = Debug|Any CPU
		{5BD51C83-9EC8-41A2-8552-CD68798EEB21}.Debug|Any CPU.Build.0 = Debug|Any CPU
		{5BD51C83-9EC8-41A2-8552-CD68798EEB21}.Debug|x64.ActiveCfg = Debug|Any CPU
		{5BD51C83-9EC8-41A2-8552-CD68798EEB21}.Debug|x64.Build.0 = Debug|Any CPU
		{5BD51C83-9EC8-41A2-8552-CD68798EEB21}.Debug|x86.ActiveCfg = Debug|Any CPU
		{5BD51C83-9EC8-41A2-8552-CD68798EEB21}.Debug|x86.Build.0 = Debug|Any CPU
		{5BD51C83-9EC8-41A2-8552-CD68798EEB21}.Release|Any CPU.ActiveCfg = Release|Any CPU
		{5BD51C83-9EC8-41A2-8552-CD68798EEB21}.Release|Any CPU.Build.0 = Release|Any CPU
		{5BD51C83-9EC8-41A2-8552-CD68798EEB21}.Release|Any CPU.Deploy.0 = Release|Any CPU
		{5BD51C83-9EC8-41A2-8552-CD68798EEB21}.Release|x64.ActiveCfg = Release|Any CPU
		{5BD51C83-9EC8-41A2-8552-CD68798EEB21}.Release|x64.Build.0 = Release|Any CPU
		{5BD51C83-9EC8-41A2-8552-CD68798EEB21}.Release|x86.ActiveCfg = Release|Any CPU
		{5BD51C83-9EC8-41A2-8552-CD68798EEB21}.Release|x86.Build.0 = Release|Any CPU
		{CCC2E3DC-60FB-4118-B905-3ED396294D80}.Debug|Any CPU.ActiveCfg = Debug|Any CPU
		{CCC2E3DC-60FB-4118-B905-3ED396294D80}.Debug|Any CPU.Build.0 = Debug|Any CPU
		{CCC2E3DC-60FB-4118-B905-3ED396294D80}.Debug|x64.ActiveCfg = Debug|Any CPU
		{CCC2E3DC-60FB-4118-B905-3ED396294D80}.Debug|x64.Build.0 = Debug|Any CPU
		{CCC2E3DC-60FB-4118-B905-3ED396294D80}.Debug|x86.ActiveCfg = Debug|Any CPU
		{CCC2E3DC-60FB-4118-B905-3ED396294D80}.Debug|x86.Build.0 = Debug|Any CPU
		{CCC2E3DC-60FB-4118-B905-3ED396294D80}.Release|Any CPU.ActiveCfg = Release|Any CPU
		{CCC2E3DC-60FB-4118-B905-3ED396294D80}.Release|Any CPU.Build.0 = Release|Any CPU
		{CCC2E3DC-60FB-4118-B905-3ED396294D80}.Release|x64.ActiveCfg = Release|Any CPU
		{CCC2E3DC-60FB-4118-B905-3ED396294D80}.Release|x64.Build.0 = Release|Any CPU
		{CCC2E3DC-60FB-4118-B905-3ED396294D80}.Release|x86.ActiveCfg = Release|Any CPU
		{CCC2E3DC-60FB-4118-B905-3ED396294D80}.Release|x86.Build.0 = Release|Any CPU
		{9EDCF14D-A296-4E86-97BF-43C73DB5E889}.Debug|Any CPU.ActiveCfg = Debug|Any CPU
		{9EDCF14D-A296-4E86-97BF-43C73DB5E889}.Debug|Any CPU.Build.0 = Debug|Any CPU
		{9EDCF14D-A296-4E86-97BF-43C73DB5E889}.Debug|x64.ActiveCfg = Debug|Any CPU
		{9EDCF14D-A296-4E86-97BF-43C73DB5E889}.Debug|x64.Build.0 = Debug|Any CPU
		{9EDCF14D-A296-4E86-97BF-43C73DB5E889}.Debug|x86.ActiveCfg = Debug|Any CPU
		{9EDCF14D-A296-4E86-97BF-43C73DB5E889}.Debug|x86.Build.0 = Debug|Any CPU
		{9EDCF14D-A296-4E86-97BF-43C73DB5E889}.Release|Any CPU.ActiveCfg = Release|Any CPU
		{9EDCF14D-A296-4E86-97BF-43C73DB5E889}.Release|Any CPU.Build.0 = Release|Any CPU
		{9EDCF14D-A296-4E86-97BF-43C73DB5E889}.Release|x64.ActiveCfg = Release|Any CPU
		{9EDCF14D-A296-4E86-97BF-43C73DB5E889}.Release|x64.Build.0 = Release|Any CPU
		{9EDCF14D-A296-4E86-97BF-43C73DB5E889}.Release|x86.ActiveCfg = Release|Any CPU
		{9EDCF14D-A296-4E86-97BF-43C73DB5E889}.Release|x86.Build.0 = Release|Any CPU
		{DCB5D745-525C-46A1-BFC0-E12F87AB6165}.Debug|Any CPU.ActiveCfg = Debug|Any CPU
		{DCB5D745-525C-46A1-BFC0-E12F87AB6165}.Debug|Any CPU.Build.0 = Debug|Any CPU
		{DCB5D745-525C-46A1-BFC0-E12F87AB6165}.Debug|x64.ActiveCfg = Debug|Any CPU
		{DCB5D745-525C-46A1-BFC0-E12F87AB6165}.Debug|x64.Build.0 = Debug|Any CPU
		{DCB5D745-525C-46A1-BFC0-E12F87AB6165}.Debug|x86.ActiveCfg = Debug|Any CPU
		{DCB5D745-525C-46A1-BFC0-E12F87AB6165}.Debug|x86.Build.0 = Debug|Any CPU
		{DCB5D745-525C-46A1-BFC0-E12F87AB6165}.Release|Any CPU.ActiveCfg = Release|Any CPU
		{DCB5D745-525C-46A1-BFC0-E12F87AB6165}.Release|Any CPU.Build.0 = Release|Any CPU
		{DCB5D745-525C-46A1-BFC0-E12F87AB6165}.Release|x64.ActiveCfg = Release|Any CPU
		{DCB5D745-525C-46A1-BFC0-E12F87AB6165}.Release|x64.Build.0 = Release|Any CPU
		{DCB5D745-525C-46A1-BFC0-E12F87AB6165}.Release|x86.ActiveCfg = Release|Any CPU
		{DCB5D745-525C-46A1-BFC0-E12F87AB6165}.Release|x86.Build.0 = Release|Any CPU
		{66621034-90CC-4D1A-B49E-73A13E3B22EF}.Debug|Any CPU.ActiveCfg = Debug|Any CPU
		{66621034-90CC-4D1A-B49E-73A13E3B22EF}.Debug|Any CPU.Build.0 = Debug|Any CPU
		{66621034-90CC-4D1A-B49E-73A13E3B22EF}.Debug|x64.ActiveCfg = Debug|Any CPU
		{66621034-90CC-4D1A-B49E-73A13E3B22EF}.Debug|x64.Build.0 = Debug|Any CPU
		{66621034-90CC-4D1A-B49E-73A13E3B22EF}.Debug|x86.ActiveCfg = Debug|Any CPU
		{66621034-90CC-4D1A-B49E-73A13E3B22EF}.Debug|x86.Build.0 = Debug|Any CPU
		{66621034-90CC-4D1A-B49E-73A13E3B22EF}.Release|Any CPU.ActiveCfg = Release|Any CPU
		{66621034-90CC-4D1A-B49E-73A13E3B22EF}.Release|Any CPU.Build.0 = Release|Any CPU
		{66621034-90CC-4D1A-B49E-73A13E3B22EF}.Release|x64.ActiveCfg = Release|Any CPU
		{66621034-90CC-4D1A-B49E-73A13E3B22EF}.Release|x64.Build.0 = Release|Any CPU
		{66621034-90CC-4D1A-B49E-73A13E3B22EF}.Release|x86.ActiveCfg = Release|Any CPU
		{66621034-90CC-4D1A-B49E-73A13E3B22EF}.Release|x86.Build.0 = Release|Any CPU
		{B53C4931-AFF3-4CAE-A13E-025C1B3A58DC}.Debug|Any CPU.ActiveCfg = Debug|Any CPU
		{B53C4931-AFF3-4CAE-A13E-025C1B3A58DC}.Debug|Any CPU.Build.0 = Debug|Any CPU
		{B53C4931-AFF3-4CAE-A13E-025C1B3A58DC}.Debug|x64.ActiveCfg = Debug|Any CPU
		{B53C4931-AFF3-4CAE-A13E-025C1B3A58DC}.Debug|x64.Build.0 = Debug|Any CPU
		{B53C4931-AFF3-4CAE-A13E-025C1B3A58DC}.Debug|x86.ActiveCfg = Debug|Any CPU
		{B53C4931-AFF3-4CAE-A13E-025C1B3A58DC}.Debug|x86.Build.0 = Debug|Any CPU
		{B53C4931-AFF3-4CAE-A13E-025C1B3A58DC}.Release|Any CPU.ActiveCfg = Release|Any CPU
		{B53C4931-AFF3-4CAE-A13E-025C1B3A58DC}.Release|Any CPU.Build.0 = Release|Any CPU
		{B53C4931-AFF3-4CAE-A13E-025C1B3A58DC}.Release|x64.ActiveCfg = Release|Any CPU
		{B53C4931-AFF3-4CAE-A13E-025C1B3A58DC}.Release|x64.Build.0 = Release|Any CPU
		{B53C4931-AFF3-4CAE-A13E-025C1B3A58DC}.Release|x86.ActiveCfg = Release|Any CPU
		{B53C4931-AFF3-4CAE-A13E-025C1B3A58DC}.Release|x86.Build.0 = Release|Any CPU
		{DD1C61BE-1C5C-4CCA-A43D-DA4EF7384B7B}.Debug|Any CPU.ActiveCfg = Debug|Any CPU
		{DD1C61BE-1C5C-4CCA-A43D-DA4EF7384B7B}.Debug|Any CPU.Build.0 = Debug|Any CPU
		{DD1C61BE-1C5C-4CCA-A43D-DA4EF7384B7B}.Debug|x64.ActiveCfg = Debug|Any CPU
		{DD1C61BE-1C5C-4CCA-A43D-DA4EF7384B7B}.Debug|x64.Build.0 = Debug|Any CPU
		{DD1C61BE-1C5C-4CCA-A43D-DA4EF7384B7B}.Debug|x86.ActiveCfg = Debug|Any CPU
		{DD1C61BE-1C5C-4CCA-A43D-DA4EF7384B7B}.Debug|x86.Build.0 = Debug|Any CPU
		{DD1C61BE-1C5C-4CCA-A43D-DA4EF7384B7B}.Release|Any CPU.ActiveCfg = Release|Any CPU
		{DD1C61BE-1C5C-4CCA-A43D-DA4EF7384B7B}.Release|Any CPU.Build.0 = Release|Any CPU
		{DD1C61BE-1C5C-4CCA-A43D-DA4EF7384B7B}.Release|x64.ActiveCfg = Release|Any CPU
		{DD1C61BE-1C5C-4CCA-A43D-DA4EF7384B7B}.Release|x64.Build.0 = Release|Any CPU
		{DD1C61BE-1C5C-4CCA-A43D-DA4EF7384B7B}.Release|x86.ActiveCfg = Release|Any CPU
		{DD1C61BE-1C5C-4CCA-A43D-DA4EF7384B7B}.Release|x86.Build.0 = Release|Any CPU
	EndGlobalSection
	GlobalSection(SolutionProperties) = preSolution
		HideSolutionNode = FALSE
	EndGlobalSection
EndGlobal
